{
  "name": "@jcansdale-test/effective-spork-public",
  "version": "1.0.0",
  "lockfileVersion": 1,
  "requires": true,
  "dependencies": {
    "@jcansdale-test/dotnet-runtime-osx-x64": {
      "version": "github:jcansdale-test/dotnet-runtime#80a2a02e7c741302336704179b8391de33faa009",
      "from": "github:jcansdale-test/dotnet-runtime#osx-x64"
    }
  }
}
